<?xml version="1.0" encoding="utf-8"?>
<Project ToolsVersion="4.0" xmlns="http://schemas.microsoft.com/developer/msbuild/2003">
  <ItemGroup>
    <Filter Include="리소스 파일">
      <UniqueIdentifier>{67DA6AB6-F800-4c08-8B7A-83BB121AAD01}</UniqueIdentifier>
      <Extensions>rc;ico;cur;bmp;dlg;rc2;rct;bin;rgs;gif;jpg;jpeg;jpe;resx;tiff;tif;png;wav;mfcribbon-ms</Extensions>
    </Filter>
    <Filter Include="00.Main_Server">
      <UniqueIdentifier>{b51f632b-ecf2-44d1-ae8a-77eaf74ba6a3}</UniqueIdentifier>
    </Filter>
    <Filter Include="Pch">
      <UniqueIdentifier>{5cd503de-b55d-40b3-946c-20c12d1a6dc8}</UniqueIdentifier>
    </Filter>
    <Filter Include="99.Define">
      <UniqueIdentifier>{68617ba3-f064-4b6b-ab47-5d9077865a90}</UniqueIdentifier>
    </Filter>
    <Filter Include="98.Design">
      <UniqueIdentifier>{2ca20632-2e35-4118-af32-c011bb1f7734}</UniqueIdentifier>
    </Filter>
    <Filter Include="03.Level_Manager">
      <UniqueIdentifier>{0405801c-9a25-45e0-8734-56db35bca1d0}</UniqueIdentifier>
    </Filter>
    <Filter Include="03.Level_Manager\Levels">
      <UniqueIdentifier>{fb9ee669-6e4d-4064-bd23-4abea657425c}</UniqueIdentifier>
    </Filter>
    <Filter Include="03.Level_Manager\Levels\01-00.Menu_Level">
      <UniqueIdentifier>{b62fbcb2-a4d6-4a4f-8460-aea5b251908b}</UniqueIdentifier>
    </Filter>
    <Filter Include="03.Level_Manager\Levels\01-01.GamePlay_Level">
      <UniqueIdentifier>{5ef02e79-0226-4c0e-ba30-44b68f11993a}</UniqueIdentifier>
    </Filter>
    <Filter Include="02.Object_Manager">
      <UniqueIdentifier>{ed6d5ab7-e251-4c0e-913b-119b1e1c8fca}</UniqueIdentifier>
    </Filter>
    <Filter Include="02.Object_Manager\GameObejcts">
      <UniqueIdentifier>{14656072-2fb4-4c28-b30e-72af745f95ed}</UniqueIdentifier>
    </Filter>
    <Filter Include="02.Object_Manager\GameObejcts\02-00 Finger">
      <UniqueIdentifier>{d3755dd1-cd96-4b79-957b-a2bbea421d6f}</UniqueIdentifier>
    </Filter>
    <Filter Include="01.Client_Connection">
      <UniqueIdentifier>{e96f3d83-9248-4773-b8f3-1cf391f618ce}</UniqueIdentifier>
    </Filter>
    <Filter Include="02.Object_Manager\GameObejcts\02-01 Player">
      <UniqueIdentifier>{f5728e6f-f028-4e48-8e33-113924a26bba}</UniqueIdentifier>
    </Filter>
    <Filter Include="02.Object_Manager\GameObejcts\02-01 Player\Player1">
      <UniqueIdentifier>{18034a7a-28fa-4e0f-a39e-d4fb6401b299}</UniqueIdentifier>
    </Filter>
    <Filter Include="02.Object_Manager\GameObejcts\02-01 Player\Player2">
      <UniqueIdentifier>{a2816d4b-73dc-4c62-a3d1-8a776afa0713}</UniqueIdentifier>
    </Filter>
    <Filter Include="02.Object_Manager\GameObejcts\02-00 Finger\Finger1">
      <UniqueIdentifier>{0ed638fb-1b2a-4a33-9b32-5f508802b7da}</UniqueIdentifier>
    </Filter>
    <Filter Include="02.Object_Manager\GameObejcts\02-00 Finger\Finger2">
      <UniqueIdentifier>{f74674d5-bd31-4689-8e96-cf96fad44750}</UniqueIdentifier>
    </Filter>
    <Filter Include="02.Object_Manager\GameObejcts\02-02 Monster">
      <UniqueIdentifier>{06cd31a7-6e76-4a2a-bec7-69a7e5b49095}</UniqueIdentifier>
    </Filter>
    <Filter Include="02.Object_Manager\GameObejcts\02-02 Monster\Monster_1">
      <UniqueIdentifier>{929cb55b-24fe-4453-a820-87ce86f4ad4a}</UniqueIdentifier>
    </Filter>
    <Filter Include="02.Object_Manager\GameObejcts\02-02 Monster\Monster_2">
      <UniqueIdentifier>{44443739-58d5-42e7-abb6-489d6fa3b7ff}</UniqueIdentifier>
    </Filter>
    <Filter Include="02.Object_Manager\GameObejcts\02-03 Boss">
      <UniqueIdentifier>{0cf8c87f-fcc9-4bec-8861-31283c9ef50d}</UniqueIdentifier>
    </Filter>
    <Filter Include="02.Object_Manager\GameObejcts\02-03 Boss\Boss_Parts">
      <UniqueIdentifier>{7c7e4597-8133-4d37-936f-7d92c117e164}</UniqueIdentifier>
    </Filter>
    <Filter Include="02.Object_Manager\GameObejcts\02-04 Bullets">
      <UniqueIdentifier>{88e4db11-cf4f-41b2-9c25-889a8802a5b3}</UniqueIdentifier>
    </Filter>
    <Filter Include="02.Object_Manager\GameObejcts\02-04 Bullets\Player_Bullet">
      <UniqueIdentifier>{efff303b-9d7c-4b31-b9f0-09f314bcc009}</UniqueIdentifier>
    </Filter>
    <Filter Include="02.Object_Manager\GameObejcts\02-04 Bullets\Monster_Bullet">
      <UniqueIdentifier>{0631d8c4-2ad8-4ab5-84a9-14b483f9529f}</UniqueIdentifier>
    </Filter>
    <Filter Include="02.Object_Manager\GameObejcts\02-04 Bullets\Boss_Bullet">
      <UniqueIdentifier>{ed8d6844-9995-4eb8-a00f-aa14fbcea638}</UniqueIdentifier>
    </Filter>
    <Filter Include="Headers">
      <UniqueIdentifier>{77eda69c-8310-486c-9247-e15ed0b8fba1}</UniqueIdentifier>
    </Filter>
    <Filter Include="04.Collision_Manager">
      <UniqueIdentifier>{3ed5234f-770a-4bf4-b52e-3e3ebd0cd2a6}</UniqueIdentifier>
    </Filter>
  </ItemGroup>
  <ItemGroup>
    <ClCompile Include="ServerFramework.cpp">
      <Filter>00.Main_Server</Filter>
    </ClCompile>
    <ClCompile Include="Level_Manager.cpp">
      <Filter>03.Level_Manager</Filter>
    </ClCompile>
    <ClCompile Include="Define.h">
      <Filter>99.Define</Filter>
    </ClCompile>
    <ClCompile Include="Level.cpp">
      <Filter>03.Level_Manager\Levels</Filter>
    </ClCompile>
    <ClCompile Include="Level_Menu.cpp">
      <Filter>03.Level_Manager\Levels\01-00.Menu_Level</Filter>
    </ClCompile>
    <ClCompile Include="Level_GamePlay.cpp">
      <Filter>03.Level_Manager\Levels\01-01.GamePlay_Level</Filter>
    </ClCompile>
    <ClCompile Include="Object_Manager.cpp">
      <Filter>02.Object_Manager</Filter>
    </ClCompile>
    <ClCompile Include="GameObject.cpp">
      <Filter>02.Object_Manager\GameObejcts</Filter>
    </ClCompile>
    <ClCompile Include="pch.cpp">
      <Filter>Pch</Filter>
    </ClCompile>
    <ClCompile Include="Client_Connection.cpp">
      <Filter>01.Client_Connection</Filter>
    </ClCompile>
    <ClCompile Include="Player2.cpp">
      <Filter>02.Object_Manager\GameObejcts\02-01 Player\Player2</Filter>
    </ClCompile>
    <ClCompile Include="Player1.cpp">
      <Filter>02.Object_Manager\GameObejcts\02-01 Player\Player1</Filter>
    </ClCompile>
    <ClCompile Include="Finger.cpp">
      <Filter>02.Object_Manager\GameObejcts\02-00 Finger\Finger1</Filter>
    </ClCompile>
    <ClCompile Include="Finger2.cpp">
      <Filter>02.Object_Manager\GameObejcts\02-00 Finger\Finger2</Filter>
    </ClCompile>
    <ClCompile Include="Monster_1.cpp">
      <Filter>02.Object_Manager\GameObejcts\02-02 Monster\Monster_1</Filter>
    </ClCompile>
    <ClCompile Include="Monster_2.cpp">
      <Filter>02.Object_Manager\GameObejcts\02-02 Monster\Monster_2</Filter>
    </ClCompile>
    <ClCompile Include="Boss.cpp">
      <Filter>02.Object_Manager\GameObejcts\02-03 Boss</Filter>
    </ClCompile>
    <ClCompile Include="Boss_Posin.cpp">
      <Filter>02.Object_Manager\GameObejcts\02-03 Boss\Boss_Parts</Filter>
    </ClCompile>
    <ClCompile Include="Boss_Gun.cpp">
      <Filter>02.Object_Manager\GameObejcts\02-03 Boss\Boss_Parts</Filter>
    </ClCompile>
    <ClCompile Include="Boss_Bullet.cpp">
      <Filter>02.Object_Manager\GameObejcts\02-04 Bullets\Boss_Bullet</Filter>
    </ClCompile>
    <ClCompile Include="Monster_Bullet.cpp">
      <Filter>02.Object_Manager\GameObejcts\02-04 Bullets\Monster_Bullet</Filter>
    </ClCompile>
    <ClCompile Include="Player_Bullet.cpp">
      <Filter>02.Object_Manager\GameObejcts\02-04 Bullets\Player_Bullet</Filter>
    </ClCompile>
    <ClCompile Include="Collision_Manager.cpp">
      <Filter>04.Collision_Manager</Filter>
    </ClCompile>
  </ItemGroup>
  <ItemGroup>
    <ClInclude Include="Level_Manager.h">
      <Filter>03.Level_Manager</Filter>
    </ClInclude>
    <ClInclude Include="Level.h">
      <Filter>03.Level_Manager\Levels</Filter>
    </ClInclude>
    <ClInclude Include="Level_Menu.h">
      <Filter>03.Level_Manager\Levels\01-00.Menu_Level</Filter>
    </ClInclude>
    <ClInclude Include="Level_GamePlay.h">
      <Filter>03.Level_Manager\Levels\01-01.GamePlay_Level</Filter>
    </ClInclude>
    <ClInclude Include="ErrorMsg.h">
      <Filter>Headers</Filter>
    </ClInclude>
    <ClInclude Include="Object_Manager.h">
      <Filter>02.Object_Manager</Filter>
    </ClInclude>
    <ClInclude Include="GameObject.h">
      <Filter>02.Object_Manager\GameObejcts</Filter>
    </ClInclude>
    <ClInclude Include="pch.h">
      <Filter>Pch</Filter>
    </ClInclude>
    <ClInclude Include="Client_Connection.h">
      <Filter>01.Client_Connection</Filter>
    </ClInclude>
    <ClInclude Include="Player1.h">
      <Filter>02.Object_Manager\GameObejcts\02-01 Player\Player1</Filter>
    </ClInclude>
    <ClInclude Include="Player2.h">
      <Filter>02.Object_Manager\GameObejcts\02-01 Player\Player2</Filter>
    </ClInclude>
    <ClInclude Include="AbstractFactory.h">
      <Filter>98.Design</Filter>
    </ClInclude>
    <ClInclude Include="Finger.h">
      <Filter>02.Object_Manager\GameObejcts\02-00 Finger\Finger1</Filter>
    </ClInclude>
    <ClInclude Include="Finger2.h">
      <Filter>02.Object_Manager\GameObejcts\02-00 Finger\Finger2</Filter>
    </ClInclude>
    <ClInclude Include="Monster_1.h">
      <Filter>02.Object_Manager\GameObejcts\02-02 Monster\Monster_1</Filter>
    </ClInclude>
    <ClInclude Include="Monster_2.h">
      <Filter>02.Object_Manager\GameObejcts\02-02 Monster\Monster_2</Filter>
    </ClInclude>
    <ClInclude Include="Boss.h">
      <Filter>02.Object_Manager\GameObejcts\02-03 Boss</Filter>
    </ClInclude>
    <ClInclude Include="Boss_Posin.h">
      <Filter>02.Object_Manager\GameObejcts\02-03 Boss\Boss_Parts</Filter>
    </ClInclude>
    <ClInclude Include="Boss_Gun.h">
      <Filter>02.Object_Manager\GameObejcts\02-03 Boss\Boss_Parts</Filter>
    </ClInclude>
    <ClInclude Include="Boss_Bullet.h">
      <Filter>02.Object_Manager\GameObejcts\02-04 Bullets\Boss_Bullet</Filter>
    </ClInclude>
    <ClInclude Include="Monster_Bullet.h">
      <Filter>02.Object_Manager\GameObejcts\02-04 Bullets\Monster_Bullet</Filter>
    </ClInclude>
    <ClInclude Include="Player_Bullet.h">
      <Filter>02.Object_Manager\GameObejcts\02-04 Bullets\Player_Bullet</Filter>
    </ClInclude>
    <ClInclude Include="Collision_Manager.h">
      <Filter>04.Collision_Manager</Filter>
    </ClInclude>
  </ItemGroup>
</Project>